// !$*UTF8*$!
{
	archiveVersion = 1;
	classes = {
	};
	objectVersion = 77;
	objects = {

/* Begin PBXBuildFile section */
		2F63BD0F2E1CC0030026FEF4 /* FixFlixURL Extension.appex in Embed Foundation Extensions */ = {isa = PBXBuildFile; fileRef = 2F63BD0E2E1CC0030026FEF4 /* FixFlixURL Extension.appex */; settings = {ATTRIBUTES = (RemoveHeadersOnCopy, ); }; };
		2F63BD192E1CC0030026FEF4 /* FixFlixURL Extension.appex in Embed Foundation Extensions */ = {isa = PBXBuildFile; fileRef = 2F63BD182E1CC0030026FEF4 /* FixFlixURL Extension.appex */; settings = {ATTRIBUTES = (RemoveHeadersOnCopy, ); }; };
/* End PBXBuildFile section */

/* Begin PBXContainerItemProxy section */
		2F63BD102E1CC0030026FEF4 /* PBXContainerItemProxy */ = {
			isa = PBXContainerItemProxy;
			containerPortal = 2F63BCD42E1CC0000026FEF4 /* Project object */;
			proxyType = 1;
			remoteGlobalIDString = 2F63BD0D2E1CC0030026FEF4;
			remoteInfo = "FixFlixURL Extension (iOS)";
		};
		2F63BD1A2E1CC0030026FEF4 /* PBXContainerItemProxy */ = {
			isa = PBXContainerItemProxy;
			containerPortal = 2F63BCD42E1CC0000026FEF4 /* Project object */;
			proxyType = 1;
			remoteGlobalIDString = 2F63BD172E1CC0030026FEF4;
			remoteInfo = "FixFlixURL Extension (macOS)";
		};
/* End PBXContainerItemProxy section */

/* Begin PBXCopyFilesBuildPhase section */
		2F63BD422E1CC0030026FEF4 /* Embed Foundation Extensions */ = {
			isa = PBXCopyFilesBuildPhase;
			buildActionMask = 2147483647;
			dstPath = "";
			dstSubfolderSpec = 13;
			files = (
				2F63BD0F2E1CC0030026FEF4 /* FixFlixURL Extension.appex in Embed Foundation Extensions */,
			);
			name = "Embed Foundation Extensions";
			runOnlyForDeploymentPostprocessing = 0;
		};
		2F63BD4C2E1CC0030026FEF4 /* Embed Foundation Extensions */ = {
			isa = PBXCopyFilesBuildPhase;
			buildActionMask = 2147483647;
			dstPath = "";
			dstSubfolderSpec = 13;
			files = (
				2F63BD192E1CC0030026FEF4 /* FixFlixURL Extension.appex in Embed Foundation Extensions */,
			);
			name = "Embed Foundation Extensions";
			runOnlyForDeploymentPostprocessing = 0;
		};
/* End PBXCopyFilesBuildPhase section */

/* Begin PBXFileReference section */
		2F63BCF02E1CC0020026FEF4 /* FixFlixURL.app */ = {isa = PBXFileReference; explicitFileType = wrapper.application; includeInIndex = 0; path = FixFlixURL.app; sourceTree = BUILT_PRODUCTS_DIR; };
		2F63BD022E1CC0020026FEF4 /* FixFlixURL.app */ = {isa = PBXFileReference; explicitFileType = wrapper.application; includeInIndex = 0; path = FixFlixURL.app; sourceTree = BUILT_PRODUCTS_DIR; };
		2F63BD0E2E1CC0030026FEF4 /* FixFlixURL Extension.appex */ = {isa = PBXFileReference; explicitFileType = "wrapper.app-extension"; includeInIndex = 0; path = "FixFlixURL Extension.appex"; sourceTree = BUILT_PRODUCTS_DIR; };
		2F63BD182E1CC0030026FEF4 /* FixFlixURL Extension.appex */ = {isa = PBXFileReference; explicitFileType = "wrapper.app-extension"; includeInIndex = 0; path = "FixFlixURL Extension.appex"; sourceTree = BUILT_PRODUCTS_DIR; };
/* End PBXFileReference section */

/* Begin PBXFileSystemSynchronizedBuildFileExceptionSet section */
		2F63BD3D2E1CC0030026FEF4 /* Exceptions for "Shared (App)" folder in "FixFlixURL (iOS)" target */ = {
			isa = PBXFileSystemSynchronizedBuildFileExceptionSet;
			membershipExceptions = (
				"/Localized: Resources/Main.html",
				Assets.xcassets,
				Resources/Icon.png,
				Resources/Script.js,
				Resources/Style.css,
				ViewController.swift,
			);
			target = 2F63BCEF2E1CC0020026FEF4 /* FixFlixURL (iOS) */;
		};
		2F63BD412E1CC0030026FEF4 /* Exceptions for "iOS (Extension)" folder in "FixFlixURL Extension (iOS)" target */ = {
			isa = PBXFileSystemSynchronizedBuildFileExceptionSet;
			membershipExceptions = (
				Info.plist,
			);
			target = 2F63BD0D2E1CC0030026FEF4 /* FixFlixURL Extension (iOS) */;
		};
		2F63BD462E1CC0030026FEF4 /* Exceptions for "iOS (App)" folder in "FixFlixURL (iOS)" target */ = {
			isa = PBXFileSystemSynchronizedBuildFileExceptionSet;
			membershipExceptions = (
				Info.plist,
			);
			target = 2F63BCEF2E1CC0020026FEF4 /* FixFlixURL (iOS) */;
		};
		2F63BD472E1CC0030026FEF4 /* Exceptions for "Shared (App)" folder in "FixFlixURL (macOS)" target */ = {
			isa = PBXFileSystemSynchronizedBuildFileExceptionSet;
			membershipExceptions = (
				"/Localized: Resources/Main.html",
				Assets.xcassets,
				Resources/Icon.png,
				Resources/Script.js,
				Resources/Style.css,
				ViewController.swift,
			);
			target = 2F63BD012E1CC0020026FEF4 /* FixFlixURL (macOS) */;
		};
		2F63BD4B2E1CC0030026FEF4 /* Exceptions for "macOS (Extension)" folder in "FixFlixURL Extension (macOS)" target */ = {
			isa = PBXFileSystemSynchronizedBuildFileExceptionSet;
			membershipExceptions = (
				Info.plist,
			);
			target = 2F63BD172E1CC0030026FEF4 /* FixFlixURL Extension (macOS) */;
		};
		2F63BD502E1CC0030026FEF4 /* Exceptions for "Shared (Extension)" folder in "FixFlixURL Extension (iOS)" target */ = {
			isa = PBXFileSystemSynchronizedBuildFileExceptionSet;
			membershipExceptions = (
				Resources/_locales,
				Resources/background.js,
				Resources/content.js,
				Resources/images,
				Resources/manifest.json,
				Resources/popup.css,
				Resources/popup.html,
				Resources/popup.js,
				SafariWebExtensionHandler.swift,
			);
			target = 2F63BD0D2E1CC0030026FEF4 /* FixFlixURL Extension (iOS) */;
		};
		2F63BD512E1CC0030026FEF4 /* Exceptions for "Shared (Extension)" folder in "FixFlixURL Extension (macOS)" target */ = {
			isa = PBXFileSystemSynchronizedBuildFileExceptionSet;
			membershipExceptions = (
				Resources/_locales,
				Resources/background.js,
				Resources/content.js,
				Resources/images,
				Resources/manifest.json,
				Resources/popup.css,
				Resources/popup.html,
				Resources/popup.js,
				SafariWebExtensionHandler.swift,
			);
			target = 2F63BD172E1CC0030026FEF4 /* FixFlixURL Extension (macOS) */;
		};
/* End PBXFileSystemSynchronizedBuildFileExceptionSet section */

/* Begin PBXFileSystemSynchronizedRootGroup section */
		2F63BCD82E1CC0000026FEF4 /* Shared (App) */ = {
			isa = PBXFileSystemSynchronizedRootGroup;
			exceptions = (
				2F63BD3D2E1CC0030026FEF4 /* Exceptions for "Shared (App)" folder in "FixFlixURL (iOS)" target */,
				2F63BD472E1CC0030026FEF4 /* Exceptions for "Shared (App)" folder in "FixFlixURL (macOS)" target */,
			);
			path = "Shared (App)";
			sourceTree = "<group>";
		};
		2F63BCE12E1CC0020026FEF4 /* Shared (Extension) */ = {
			isa = PBXFileSystemSynchronizedRootGroup;
			exceptions = (
				2F63BD502E1CC0030026FEF4 /* Exceptions for "Shared (Extension)" folder in "FixFlixURL Extension (iOS)" target */,
				2F63BD512E1CC0030026FEF4 /* Exceptions for "Shared (Extension)" folder in "FixFlixURL Extension (macOS)" target */,
			);
			explicitFolders = (
				Resources/_locales,
				Resources/images,
			);
			path = "Shared (Extension)";
			sourceTree = "<group>";
		};
		2F63BCF22E1CC0020026FEF4 /* iOS (App) */ = {
			isa = PBXFileSystemSynchronizedRootGroup;
			exceptions = (
				2F63BD462E1CC0030026FEF4 /* Exceptions for "iOS (App)" folder in "FixFlixURL (iOS)" target */,
			);
			path = "iOS (App)";
			sourceTree = "<group>";
		};
		2F63BD032E1CC0020026FEF4 /* macOS (App) */ = {
			isa = PBXFileSystemSynchronizedRootGroup;
			path = "macOS (App)";
			sourceTree = "<group>";
		};
		2F63BD122E1CC0030026FEF4 /* iOS (Extension) */ = {
			isa = PBXFileSystemSynchronizedRootGroup;
			exceptions = (
				2F63BD412E1CC0030026FEF4 /* Exceptions for "iOS (Extension)" folder in "FixFlixURL Extension (iOS)" target */,
			);
			path = "iOS (Extension)";
			sourceTree = "<group>";
		};
		2F63BD1C2E1CC0030026FEF4 /* macOS (Extension) */ = {
			isa = PBXFileSystemSynchronizedRootGroup;
			exceptions = (
				2F63BD4B2E1CC0030026FEF4 /* Exceptions for "macOS (Extension)" folder in "FixFlixURL Extension (macOS)" target */,
			);
			path = "macOS (Extension)";
			sourceTree = "<group>";
		};
/* End PBXFileSystemSynchronizedRootGroup section */

/* Begin PBXFrameworksBuildPhase section */
		2F63BCED2E1CC0020026FEF4 /* Frameworks */ = {
			isa = PBXFrameworksBuildPhase;
			buildActionMask = 2147483647;
			files = (
			);
			runOnlyForDeploymentPostprocessing = 0;
		};
		2F63BCFF2E1CC0020026FEF4 /* Frameworks */ = {
			isa = PBXFrameworksBuildPhase;
			buildActionMask = 2147483647;
			files = (
			);
			runOnlyForDeploymentPostprocessing = 0;
		};
		2F63BD0B2E1CC0030026FEF4 /* Frameworks */ = {
			isa = PBXFrameworksBuildPhase;
			buildActionMask = 2147483647;
			files = (
			);
			runOnlyForDeploymentPostprocessing = 0;
		};
		2F63BD152E1CC0030026FEF4 /* Frameworks */ = {
			isa = PBXFrameworksBuildPhase;
			buildActionMask = 2147483647;
			files = (
			);
			runOnlyForDeploymentPostprocessing = 0;
		};
/* End PBXFrameworksBuildPhase section */

/* Begin PBXGroup section */
		2F63BCD32E1CC0000026FEF4 = {
			isa = PBXGroup;
			children = (
				2F63BCD82E1CC0000026FEF4 /* Shared (App) */,
				2F63BCE12E1CC0020026FEF4 /* Shared (Extension) */,
				2F63BCF22E1CC0020026FEF4 /* iOS (App) */,
				2F63BD032E1CC0020026FEF4 /* macOS (App) */,
				2F63BD122E1CC0030026FEF4 /* iOS (Extension) */,
				2F63BD1C2E1CC0030026FEF4 /* macOS (Extension) */,
				2F63BCF12E1CC0020026FEF4 /* Products */,
			);
			sourceTree = "<group>";
		};
		2F63BCF12E1CC0020026FEF4 /* Products */ = {
			isa = PBXGroup;
			children = (
				2F63BCF02E1CC0020026FEF4 /* FixFlixURL.app */,
				2F63BD022E1CC0020026FEF4 /* FixFlixURL.app */,
				2F63BD0E2E1CC0030026FEF4 /* FixFlixURL Extension.appex */,
				2F63BD182E1CC0030026FEF4 /* FixFlixURL Extension.appex */,
			);
			name = Products;
			sourceTree = "<group>";
		};
/* End PBXGroup section */

/* Begin PBXNativeTarget section */
		2F63BCEF2E1CC0020026FEF4 /* FixFlixURL (iOS) */ = {
			isa = PBXNativeTarget;
			buildConfigurationList = 2F63BD432E1CC0030026FEF4 /* Build configuration list for PBXNativeTarget "FixFlixURL (iOS)" */;
			buildPhases = (
				2F63BCEC2E1CC0020026FEF4 /* Sources */,
				2F63BCED2E1CC0020026FEF4 /* Frameworks */,
				2F63BCEE2E1CC0020026FEF4 /* Resources */,
				2F63BD422E1CC0030026FEF4 /* Embed Foundation Extensions */,
			);
			buildRules = (
			);
			dependencies = (
				2F63BD112E1CC0030026FEF4 /* PBXTargetDependency */,
			);
			fileSystemSynchronizedGroups = (
				2F63BCF22E1CC0020026FEF4 /* iOS (App) */,
			);
			name = "FixFlixURL (iOS)";
			packageProductDependencies = (
			);
			productName = "FixFlixURL (iOS)";
			productReference = 2F63BCF02E1CC0020026FEF4 /* FixFlixURL.app */;
			productType = "com.apple.product-type.application";
		};
		2F63BD012E1CC0020026FEF4 /* FixFlixURL (macOS) */ = {
			isa = PBXNativeTarget;
			buildConfigurationList = 2F63BD4D2E1CC0030026FEF4 /* Build configuration list for PBXNativeTarget "FixFlixURL (macOS)" */;
			buildPhases = (
				2F63BCFE2E1CC0020026FEF4 /* Sources */,
				2F63BCFF2E1CC0020026FEF4 /* Frameworks */,
				2F63BD002E1CC0020026FEF4 /* Resources */,
				2F63BD4C2E1CC0030026FEF4 /* Embed Foundation Extensions */,
			);
			buildRules = (
			);
			dependencies = (
				2F63BD1B2E1CC0030026FEF4 /* PBXTargetDependency */,
			);
			fileSystemSynchronizedGroups = (
				2F63BD032E1CC0020026FEF4 /* macOS (App) */,
			);
			name = "FixFlixURL (macOS)";
			packageProductDependencies = (
			);
			productName = "FixFlixURL (macOS)";
			productReference = 2F63BD022E1CC0020026FEF4 /* FixFlixURL.app */;
			productType = "com.apple.product-type.application";
		};
		2F63BD0D2E1CC0030026FEF4 /* FixFlixURL Extension (iOS) */ = {
			isa = PBXNativeTarget;
			buildConfigurationList = 2F63BD3E2E1CC0030026FEF4 /* Build configuration list for PBXNativeTarget "FixFlixURL Extension (iOS)" */;
			buildPhases = (
				2F63BD0A2E1CC0030026FEF4 /* Sources */,
				2F63BD0B2E1CC0030026FEF4 /* Frameworks */,
				2F63BD0C2E1CC0030026FEF4 /* Resources */,
			);
			buildRules = (
			);
			dependencies = (
			);
			fileSystemSynchronizedGroups = (
				2F63BD122E1CC0030026FEF4 /* iOS (Extension) */,
			);
			name = "FixFlixURL Extension (iOS)";
			packageProductDependencies = (
			);
			productName = "FixFlixURL Extension (iOS)";
			productReference = 2F63BD0E2E1CC0030026FEF4 /* FixFlixURL Extension.appex */;
			productType = "com.apple.product-type.app-extension";
		};
		2F63BD172E1CC0030026FEF4 /* FixFlixURL Extension (macOS) */ = {
			isa = PBXNativeTarget;
			buildConfigurationList = 2F63BD482E1CC0030026FEF4 /* Build configuration list for PBXNativeTarget "FixFlixURL Extension (macOS)" */;
			buildPhases = (
				2F63BD142E1CC0030026FEF4 /* Sources */,
				2F63BD152E1CC0030026FEF4 /* Frameworks */,
				2F63BD162E1CC0030026FEF4 /* Resources */,
			);
			buildRules = (
			);
			dependencies = (
			);
			fileSystemSynchronizedGroups = (
				2F63BD1C2E1CC0030026FEF4 /* macOS (Extension) */,
			);
			name = "FixFlixURL Extension (macOS)";
			packageProductDependencies = (
			);
			productName = "FixFlixURL Extension (macOS)";
			productReference = 2F63BD182E1CC0030026FEF4 /* FixFlixURL Extension.appex */;
			productType = "com.apple.product-type.app-extension";
		};
/* End PBXNativeTarget section */

/* Begin PBXProject section */
		2F63BCD42E1CC0000026FEF4 /* Project object */ = {
			isa = PBXProject;
			attributes = {
				BuildIndependentTargetsInParallel = 1;
				LastSwiftUpdateCheck = 1640;
				LastUpgradeCheck = 1640;
				TargetAttributes = {
					2F63BCEF2E1CC0020026FEF4 = {
						CreatedOnToolsVersion = 16.4;
					};
					2F63BD012E1CC0020026FEF4 = {
						CreatedOnToolsVersion = 16.4;
					};
					2F63BD0D2E1CC0030026FEF4 = {
						CreatedOnToolsVersion = 16.4;
					};
					2F63BD172E1CC0030026FEF4 = {
						CreatedOnToolsVersion = 16.4;
					};
				};
			};
			buildConfigurationList = 2F63BCD72E1CC0000026FEF4 /* Build configuration list for PBXProject "FixFlixURL" */;
			developmentRegion = en;
			hasScannedForEncodings = 0;
			knownRegions = (
				en,
				Base,
			);
			mainGroup = 2F63BCD32E1CC0000026FEF4;
			minimizedProjectReferenceProxies = 1;
			preferredProjectObjectVersion = 77;
			productRefGroup = 2F63BCF12E1CC0020026FEF4 /* Products */;
			projectDirPath = "";
			projectRoot = "";
			targets = (
				2F63BCEF2E1CC0020026FEF4 /* FixFlixURL (iOS) */,
				2F63BD012E1CC0020026FEF4 /* FixFlixURL (macOS) */,
				2F63BD0D2E1CC0030026FEF4 /* FixFlixURL Extension (iOS) */,
				2F63BD172E1CC0030026FEF4 /* FixFlixURL Extension (macOS) */,
			);
		};
/* End PBXProject section */

/* Begin PBXResourcesBuildPhase section */
		2F63BCEE2E1CC0020026FEF4 /* Resources */ = {
			isa = PBXResourcesBuildPhase;
			buildActionMask = 2147483647;
			files = (
			);
			runOnlyForDeploymentPostprocessing = 0;
		};
		2F63BD002E1CC0020026FEF4 /* Resources */ = {
			isa = PBXResourcesBuildPhase;
			buildActionMask = 2147483647;
			files = (
			);
			runOnlyForDeploymentPostprocessing = 0;
		};
		2F63BD0C2E1CC0030026FEF4 /* Resources */ = {
			isa = PBXResourcesBuildPhase;
			buildActionMask = 2147483647;
			files = (
			);
			runOnlyForDeploymentPostprocessing = 0;
		};
		2F63BD162E1CC0030026FEF4 /* Resources */ = {
			isa = PBXResourcesBuildPhase;
			buildActionMask = 2147483647;
			files = (
			);
			runOnlyForDeploymentPostprocessing = 0;
		};
/* End PBXResourcesBuildPhase section */

/* Begin PBXSourcesBuildPhase section */
		2F63BCEC2E1CC0020026FEF4 /* Sources */ = {
			isa = PBXSourcesBuildPhase;
			buildActionMask = 2147483647;
			files = (
			);
			runOnlyForDeploymentPostprocessing = 0;
		};
		2F63BCFE2E1CC0020026FEF4 /* Sources */ = {
			isa = PBXSourcesBuildPhase;
			buildActionMask = 2147483647;
			files = (
			);
			runOnlyForDeploymentPostprocessing = 0;
		};
		2F63BD0A2E1CC0030026FEF4 /* Sources */ = {
			isa = PBXSourcesBuildPhase;
			buildActionMask = 2147483647;
			files = (
			);
			runOnlyForDeploymentPostprocessing = 0;
		};
		2F63BD142E1CC0030026FEF4 /* Sources */ = {
			isa = PBXSourcesBuildPhase;
			buildActionMask = 2147483647;
			files = (
			);
			runOnlyForDeploymentPostprocessing = 0;
		};
/* End PBXSourcesBuildPhase section */

/* Begin PBXTargetDependency section */
		2F63BD112E1CC0030026FEF4 /* PBXTargetDependency */ = {
			isa = PBXTargetDependency;
			target = 2F63BD0D2E1CC0030026FEF4 /* FixFlixURL Extension (iOS) */;
			targetProxy = 2F63BD102E1CC0030026FEF4 /* PBXContainerItemProxy */;
		};
		2F63BD1B2E1CC0030026FEF4 /* PBXTargetDependency */ = {
			isa = PBXTargetDependency;
			target = 2F63BD172E1CC0030026FEF4 /* FixFlixURL Extension (macOS) */;
			targetProxy = 2F63BD1A2E1CC0030026FEF4 /* PBXContainerItemProxy */;
		};
/* End PBXTargetDependency section */

/* Begin XCBuildConfiguration section */
		2F63BD3F2E1CC0030026FEF4 /* Debug */ = {
			isa = XCBuildConfiguration;
			buildSettings = {
				CODE_SIGN_STYLE = Automatic;
				CURRENT_PROJECT_VERSION = 1.0.7;
				DEVELOPMENT_TEAM = 84ML4G2PN8;
				GENERATE_INFOPLIST_FILE = YES;
				INFOPLIST_FILE = "iOS (Extension)/Info.plist";
				INFOPLIST_KEY_CFBundleDisplayName = "FixFlixURL Extension";
				INFOPLIST_KEY_NSHumanReadableCopyright = "";
				IPHONEOS_DEPLOYMENT_TARGET = 15.0;
				LD_RUNPATH_SEARCH_PATHS = (
					"$(inherited)",
					"@executable_path/Frameworks",
					"@executable_path/../../Frameworks",
				);
				MARKETING_VERSION = 1.0.7;
				OTHER_LDFLAGS = (
					"-framework",
					SafariServices,
				);
				PRODUCT_BUNDLE_IDENTIFIER = io.github.TaYaKi71751.FixFlixURL.Extension;
				PRODUCT_NAME = "FixFlixURL Extension";
				SDKROOT = iphoneos;
				SKIP_INSTALL = YES;
				SWIFT_EMIT_LOC_STRINGS = YES;
				SWIFT_VERSION = 5.0;
				TARGETED_DEVICE_FAMILY = "1,2";
			};
			name = Debug;
		};
		2F63BD402E1CC0030026FEF4 /* Release */ = {
			isa = XCBuildConfiguration;
			buildSettings = {
				CODE_SIGN_STYLE = Automatic;
				CURRENT_PROJECT_VERSION = 1.0.7;
				DEVELOPMENT_TEAM = 84ML4G2PN8;
				GENERATE_INFOPLIST_FILE = YES;
				INFOPLIST_FILE = "iOS (Extension)/Info.plist";
				INFOPLIST_KEY_CFBundleDisplayName = "FixFlixURL Extension";
				INFOPLIST_KEY_NSHumanReadableCopyright = "";
				IPHONEOS_DEPLOYMENT_TARGET = 15.0;
				LD_RUNPATH_SEARCH_PATHS = (
					"$(inherited)",
					"@executable_path/Frameworks",
					"@executable_path/../../Frameworks",
				);
				MARKETING_VERSION = 1.0.7;
				OTHER_LDFLAGS = (
					"-framework",
					SafariServices,
				);
				PRODUCT_BUNDLE_IDENTIFIER = io.github.TaYaKi71751.FixFlixURL.Extension;
				PRODUCT_NAME = "FixFlixURL Extension";
				SDKROOT = iphoneos;
				SKIP_INSTALL = YES;
				SWIFT_EMIT_LOC_STRINGS = YES;
				SWIFT_VERSION = 5.0;
				TARGETED_DEVICE_FAMILY = "1,2";
				VALIDATE_PRODUCT = YES;
			};
			name = Release;
		};
		2F63BD442E1CC0030026FEF4 /* Debug */ = {
			isa = XCBuildConfiguration;
			buildSettings = {
				ASSETCATALOG_COMPILER_APPICON_NAME = AppIcon;
				ASSETCATALOG_COMPILER_GLOBAL_ACCENT_COLOR_NAME = AccentColor;
				CODE_SIGN_STYLE = Automatic;
				CURRENT_PROJECT_VERSION = 1.0.7;
				DEVELOPMENT_TEAM = 84ML4G2PN8;
				GENERATE_INFOPLIST_FILE = YES;
				INFOPLIST_FILE = "iOS (App)/Info.plist";
				INFOPLIST_KEY_CFBundleDisplayName = FixFlixURL;
				INFOPLIST_KEY_LSApplicationCategoryType = "public.app-category.utilities";
				INFOPLIST_KEY_UIApplicationSupportsIndirectInputEvents = YES;
				INFOPLIST_KEY_UILaunchStoryboardName = LaunchScreen;
				INFOPLIST_KEY_UIMainStoryboardFile = Main;
				INFOPLIST_KEY_UISupportedInterfaceOrientations = "UIInterfaceOrientationPortrait UIInterfaceOrientationLandscapeLeft UIInterfaceOrientationLandscapeRight";
				INFOPLIST_KEY_UISupportedInterfaceOrientations_iPad = "UIInterfaceOrientationPortrait UIInterfaceOrientationPortraitUpsideDown UIInterfaceOrientationLandscapeLeft UIInterfaceOrientationLandscapeRight";
				IPHONEOS_DEPLOYMENT_TARGET = 15.0;
				LD_RUNPATH_SEARCH_PATHS = (
					"$(inherited)",
					"@executable_path/Frameworks",
				);
				MARKETING_VERSION = 1.0.7;
				OTHER_LDFLAGS = (
					"-framework",
					SafariServices,
					"-framework",
					WebKit,
				);
				PRODUCT_BUNDLE_IDENTIFIER = io.github.TaYaKi71751.FixFlixURL;
				PRODUCT_NAME = FixFlixURL;
				SDKROOT = iphoneos;
				SWIFT_EMIT_LOC_STRINGS = YES;
				SWIFT_VERSION = 5.0;
				TARGETED_DEVICE_FAMILY = "1,2";
			};
			name = Debug;
		};
		2F63BD452E1CC0030026FEF4 /* Release */ = {
			isa = XCBuildConfiguration;
			buildSettings = {
				ASSETCATALOG_COMPILER_APPICON_NAME = AppIcon;
				ASSETCATALOG_COMPILER_GLOBAL_ACCENT_COLOR_NAME = AccentColor;
				CODE_SIGN_STYLE = Automatic;
				CURRENT_PROJECT_VERSION = 1.0.7;
				DEVELOPMENT_TEAM = 84ML4G2PN8;
				GENERATE_INFOPLIST_FILE = YES;
				INFOPLIST_FILE = "iOS (App)/Info.plist";
				INFOPLIST_KEY_CFBundleDisplayName = FixFlixURL;
				INFOPLIST_KEY_LSApplicationCategoryType = "public.app-category.utilities";
				INFOPLIST_KEY_UIApplicationSupportsIndirectInputEvents = YES;
				INFOPLIST_KEY_UILaunchStoryboardName = LaunchScreen;
				INFOPLIST_KEY_UIMainStoryboardFile = Main;
				INFOPLIST_KEY_UISupportedInterfaceOrientations = "UIInterfaceOrientationPortrait UIInterfaceOrientationLandscapeLeft UIInterfaceOrientationLandscapeRight";
				INFOPLIST_KEY_UISupportedInterfaceOrientations_iPad = "UIInterfaceOrientationPortrait UIInterfaceOrientationPortraitUpsideDown UIInterfaceOrientationLandscapeLeft UIInterfaceOrientationLandscapeRight";
				IPHONEOS_DEPLOYMENT_TARGET = 15.0;
				LD_RUNPATH_SEARCH_PATHS = (
					"$(inherited)",
					"@executable_path/Frameworks",
				);
				MARKETING_VERSION = 1.0.7;
				OTHER_LDFLAGS = (
					"-framework",
					SafariServices,
					"-framework",
					WebKit,
				);
				PRODUCT_BUNDLE_IDENTIFIER = io.github.TaYaKi71751.FixFlixURL;
				PRODUCT_NAME = FixFlixURL;
				SDKROOT = iphoneos;
				SWIFT_EMIT_LOC_STRINGS = YES;
				SWIFT_VERSION = 5.0;
				TARGETED_DEVICE_FAMILY = "1,2";
				VALIDATE_PRODUCT = YES;
			};
			name = Release;
		};
		2F63BD492E1CC0030026FEF4 /* Debug */ = {
			isa = XCBuildConfiguration;
			buildSettings = {
				CODE_SIGN_ENTITLEMENTS = "macOS (Extension)/FixFlixURL.entitlements";
				CODE_SIGN_STYLE = Automatic;
				CURRENT_PROJECT_VERSION = 1.0.7;
				DEVELOPMENT_TEAM = 84ML4G2PN8;
				ENABLE_HARDENED_RUNTIME = YES;
				GENERATE_INFOPLIST_FILE = YES;
				INFOPLIST_FILE = "macOS (Extension)/Info.plist";
				INFOPLIST_KEY_CFBundleDisplayName = "FixFlixURL Extension";
				INFOPLIST_KEY_NSHumanReadableCopyright = "";
				LD_RUNPATH_SEARCH_PATHS = (
					"$(inherited)",
					"@executable_path/../Frameworks",
					"@executable_path/../../../../Frameworks",
				);
				MACOSX_DEPLOYMENT_TARGET = 10.14;
				MARKETING_VERSION = 1.0.7;
				OTHER_LDFLAGS = (
					"-framework",
					SafariServices,
				);
				PRODUCT_BUNDLE_IDENTIFIER = io.github.TaYaKi71751.FixFlixURL.Extension;
				PRODUCT_NAME = "FixFlixURL Extension";
				SDKROOT = macosx;
				SKIP_INSTALL = YES;
				SWIFT_EMIT_LOC_STRINGS = YES;
				SWIFT_VERSION = 5.0;
			};
			name = Debug;
		};
		2F63BD4A2E1CC0030026FEF4 /* Release */ = {
			isa = XCBuildConfiguration;
			buildSettings = {
				CODE_SIGN_ENTITLEMENTS = "macOS (Extension)/FixFlixURL.entitlements";
				CODE_SIGN_STYLE = Automatic;
				CURRENT_PROJECT_VERSION = 1.0.7;
				DEVELOPMENT_TEAM = 84ML4G2PN8;
				ENABLE_HARDENED_RUNTIME = YES;
				GENERATE_INFOPLIST_FILE = YES;
				INFOPLIST_FILE = "macOS (Extension)/Info.plist";
				INFOPLIST_KEY_CFBundleDisplayName = "FixFlixURL Extension";
				INFOPLIST_KEY_NSHumanReadableCopyright = "";
				LD_RUNPATH_SEARCH_PATHS = (
					"$(inherited)",
					"@executable_path/../Frameworks",
					"@executable_path/../../../../Frameworks",
				);
				MACOSX_DEPLOYMENT_TARGET = 10.14;
				MARKETING_VERSION = 1.0.7;
				OTHER_LDFLAGS = (
					"-framework",
					SafariServices,
				);
				PRODUCT_BUNDLE_IDENTIFIER = io.github.TaYaKi71751.FixFlixURL.Extension;
				PRODUCT_NAME = "FixFlixURL Extension";
				SDKROOT = macosx;
				SKIP_INSTALL = YES;
				SWIFT_EMIT_LOC_STRINGS = YES;
				SWIFT_VERSION = 5.0;
			};
			name = Release;
		};
		2F63BD4E2E1CC0030026FEF4 /* Debug */ = {
			isa = XCBuildConfiguration;
			buildSettings = {
				ASSETCATALOG_COMPILER_APPICON_NAME = AppIcon;
				ASSETCATALOG_COMPILER_GLOBAL_ACCENT_COLOR_NAME = AccentColor;
				CODE_SIGN_ENTITLEMENTS = "macOS (App)/FixFlixURL.entitlements";
				CODE_SIGN_STYLE = Automatic;
				CURRENT_PROJECT_VERSION = 1.0.7;
				DEVELOPMENT_TEAM = 84ML4G2PN8;
				ENABLE_HARDENED_RUNTIME = YES;
				GENERATE_INFOPLIST_FILE = YES;
				INFOPLIST_KEY_CFBundleDisplayName = FixFlixURL;
				INFOPLIST_KEY_LSApplicationCategoryType = "public.app-category.utilities";
				INFOPLIST_KEY_NSMainStoryboardFile = Main;
				INFOPLIST_KEY_NSPrincipalClass = NSApplication;
				LD_RUNPATH_SEARCH_PATHS = (
					"$(inherited)",
					"@executable_path/../Frameworks",
				);
				MACOSX_DEPLOYMENT_TARGET = 10.14;
				MARKETING_VERSION = 1.0.7;
				OTHER_LDFLAGS = (
					"-framework",
					SafariServices,
					"-framework",
					WebKit,
				);
				PRODUCT_BUNDLE_IDENTIFIER = io.github.TaYaKi71751.FixFlixURL;
				PRODUCT_NAME = FixFlixURL;
				REGISTER_APP_GROUPS = YES;
				SDKROOT = macosx;
				SWIFT_EMIT_LOC_STRINGS = YES;
				SWIFT_VERSION = 5.0;
			};
			name = Debug;
		};
		2F63BD4F2E1CC0030026FEF4 /* Release */ = {
			isa = XCBuildConfiguration;
			buildSettings = {
				ASSETCATALOG_COMPILER_APPICON_NAME = AppIcon;
				ASSETCATALOG_COMPILER_GLOBAL_ACCENT_COLOR_NAME = AccentColor;
				CODE_SIGN_ENTITLEMENTS = "macOS (App)/FixFlixURL.entitlements";
				CODE_SIGN_STYLE = Automatic;
				CURRENT_PROJECT_VERSION = 1.0.7;
				DEVELOPMENT_TEAM = 84ML4G2PN8;
				ENABLE_HARDENED_RUNTIME = YES;
				GENERATE_INFOPLIST_FILE = YES;
				INFOPLIST_KEY_CFBundleDisplayName = FixFlixURL;
				INFOPLIST_KEY_LSApplicationCategoryType = "public.app-category.utilities";
				INFOPLIST_KEY_NSMainStoryboardFile = Main;
				INFOPLIST_KEY_NSPrincipalClass = NSApplication;
				LD_RUNPATH_SEARCH_PATHS = (
					"$(inherited)",
					"@executable_path/../Frameworks",
				);
				MACOSX_DEPLOYMENT_TARGET = 10.14;
				MARKETING_VERSION = 1.0.7;
				OTHER_LDFLAGS = (
					"-framework",
					SafariServices,
					"-framework",
					WebKit,
				);
				PRODUCT_BUNDLE_IDENTIFIER = io.github.TaYaKi71751.FixFlixURL;
				PRODUCT_NAME = FixFlixURL;
				REGISTER_APP_GROUPS = YES;
				SDKROOT = macosx;
				SWIFT_EMIT_LOC_STRINGS = YES;
				SWIFT_VERSION = 5.0;
			};
			name = Release;
		};
		2F63BD522E1CC0030026FEF4 /* Debug */ = {
			isa = XCBuildConfiguration;
			buildSettings = {
				ALWAYS_SEARCH_USER_PATHS = NO;
				ASSETCATALOG_COMPILER_GENERATE_SWIFT_ASSET_SYMBOL_EXTENSIONS = YES;
				CLANG_ANALYZER_NONNULL = YES;
				CLANG_ANALYZER_NUMBER_OBJECT_CONVERSION = YES_AGGRESSIVE;
				CLANG_CXX_LANGUAGE_STANDARD = "gnu++20";
				CLANG_ENABLE_MODULES = YES;
				CLANG_ENABLE_OBJC_ARC = YES;
				CLANG_ENABLE_OBJC_WEAK = YES;
				CLANG_WARN_BLOCK_CAPTURE_AUTORELEASING = YES;
				CLANG_WARN_BOOL_CONVERSION = YES;
				CLANG_WARN_COMMA = YES;
				CLANG_WARN_CONSTANT_CONVERSION = YES;
				CLANG_WARN_DEPRECATED_OBJC_IMPLEMENTATIONS = YES;
				CLANG_WARN_DIRECT_OBJC_ISA_USAGE = YES_ERROR;
				CLANG_WARN_DOCUMENTATION_COMMENTS = YES;
				CLANG_WARN_EMPTY_BODY = YES;
				CLANG_WARN_ENUM_CONVERSION = YES;
				CLANG_WARN_INFINITE_RECURSION = YES;
				CLANG_WARN_INT_CONVERSION = YES;
				CLANG_WARN_NON_LITERAL_NULL_CONVERSION = YES;
				CLANG_WARN_OBJC_IMPLICIT_RETAIN_SELF = YES;
				CLANG_WARN_OBJC_LITERAL_CONVERSION = YES;
				CLANG_WARN_OBJC_ROOT_CLASS = YES_ERROR;
				CLANG_WARN_QUOTED_INCLUDE_IN_FRAMEWORK_HEADER = YES;
				CLANG_WARN_RANGE_LOOP_ANALYSIS = YES;
				CLANG_WARN_STRICT_PROTOTYPES = YES;
				CLANG_WARN_SUSPICIOUS_MOVE = YES;
				CLANG_WARN_UNGUARDED_AVAILABILITY = YES_AGGRESSIVE;
				CLANG_WARN_UNREACHABLE_CODE = YES;
				CLANG_WARN__DUPLICATE_METHOD_MATCH = YES;
				COPY_PHASE_STRIP = NO;
				DEBUG_INFORMATION_FORMAT = dwarf;
				DEVELOPMENT_TEAM = 84ML4G2PN8;
				ENABLE_STRICT_OBJC_MSGSEND = YES;
				ENABLE_TESTABILITY = YES;
				ENABLE_USER_SCRIPT_SANDBOXING = YES;
				GCC_C_LANGUAGE_STANDARD = gnu17;
				GCC_DYNAMIC_NO_PIC = NO;
				GCC_NO_COMMON_BLOCKS = YES;
				GCC_OPTIMIZATION_LEVEL = 0;
				GCC_PREPROCESSOR_DEFINITIONS = (
					"DEBUG=1",
					"$(inherited)",
				);
				GCC_WARN_64_TO_32_BIT_CONVERSION = YES;
				GCC_WARN_ABOUT_RETURN_TYPE = YES_ERROR;
				GCC_WARN_UNDECLARED_SELECTOR = YES;
				GCC_WARN_UNINITIALIZED_AUTOS = YES_AGGRESSIVE;
				GCC_WARN_UNUSED_FUNCTION = YES;
				GCC_WARN_UNUSED_VARIABLE = YES;
				LOCALIZATION_PREFERS_STRING_CATALOGS = YES;
				MTL_ENABLE_DEBUG_INFO = INCLUDE_SOURCE;
				MTL_FAST_MATH = YES;
				ONLY_ACTIVE_ARCH = YES;
				SWIFT_ACTIVE_COMPILATION_CONDITIONS = "DEBUG $(inherited)";
				SWIFT_OPTIMIZATION_LEVEL = "-Onone";
			};
			name = Debug;
		};
		2F63BD532E1CC0030026FEF4 /* Release */ = {
			isa = XCBuildConfiguration;
			buildSettings = {
				ALWAYS_SEARCH_USER_PATHS = NO;
				ASSETCATALOG_COMPILER_GENERATE_SWIFT_ASSET_SYMBOL_EXTENSIONS = YES;
				CLANG_ANALYZER_NONNULL = YES;
				CLANG_ANALYZER_NUMBER_OBJECT_CONVERSION = YES_AGGRESSIVE;
				CLANG_CXX_LANGUAGE_STANDARD = "gnu++20";
				CLANG_ENABLE_MODULES = YES;
				CLANG_ENABLE_OBJC_ARC = YES;
				CLANG_ENABLE_OBJC_WEAK = YES;
				CLANG_WARN_BLOCK_CAPTURE_AUTORELEASING = YES;
				CLANG_WARN_BOOL_CONVERSION = YES;
				CLANG_WARN_COMMA = YES;
				CLANG_WARN_CONSTANT_CONVERSION = YES;
				CLANG_WARN_DEPRECATED_OBJC_IMPLEMENTATIONS = YES;
				CLANG_WARN_DIRECT_OBJC_ISA_USAGE = YES_ERROR;
				CLANG_WARN_DOCUMENTATION_COMMENTS = YES;
				CLANG_WARN_EMPTY_BODY = YES;
				CLANG_WARN_ENUM_CONVERSION = YES;
				CLANG_WARN_INFINITE_RECURSION = YES;
				CLANG_WARN_INT_CONVERSION = YES;
				CLANG_WARN_NON_LITERAL_NULL_CONVERSION = YES;
				CLANG_WARN_OBJC_IMPLICIT_RETAIN_SELF = YES;
				CLANG_WARN_OBJC_LITERAL_CONVERSION = YES;
				CLANG_WARN_OBJC_ROOT_CLASS = YES_ERROR;
				CLANG_WARN_QUOTED_INCLUDE_IN_FRAMEWORK_HEADER = YES;
				CLANG_WARN_RANGE_LOOP_ANALYSIS = YES;
				CLANG_WARN_STRICT_PROTOTYPES = YES;
				CLANG_WARN_SUSPICIOUS_MOVE = YES;
				CLANG_WARN_UNGUARDED_AVAILABILITY = YES_AGGRESSIVE;
				CLANG_WARN_UNREACHABLE_CODE = YES;
				CLANG_WARN__DUPLICATE_METHOD_MATCH = YES;
				COPY_PHASE_STRIP = NO;
				DEBUG_INFORMATION_FORMAT = "dwarf-with-dsym";
				DEVELOPMENT_TEAM = 84ML4G2PN8;
				ENABLE_NS_ASSERTIONS = NO;
				ENABLE_STRICT_OBJC_MSGSEND = YES;
				ENABLE_USER_SCRIPT_SANDBOXING = YES;
				GCC_C_LANGUAGE_STANDARD = gnu17;
				GCC_NO_COMMON_BLOCKS = YES;
				GCC_WARN_64_TO_32_BIT_CONVERSION = YES;
				GCC_WARN_ABOUT_RETURN_TYPE = YES_ERROR;
				GCC_WARN_UNDECLARED_SELECTOR = YES;
				GCC_WARN_UNINITIALIZED_AUTOS = YES_AGGRESSIVE;
				GCC_WARN_UNUSED_FUNCTION = YES;
				GCC_WARN_UNUSED_VARIABLE = YES;
				LOCALIZATION_PREFERS_STRING_CATALOGS = YES;
				MTL_ENABLE_DEBUG_INFO = NO;
				MTL_FAST_MATH = YES;
				SWIFT_COMPILATION_MODE = wholemodule;
			};
			name = Release;
		};
/* End XCBuildConfiguration section */

/* Begin XCConfigurationList section */
		2F63BCD72E1CC0000026FEF4 /* Build configuration list for PBXProject "FixFlixURL" */ = {
			isa = XCConfigurationList;
			buildConfigurations = (
				2F63BD522E1CC0030026FEF4 /* Debug */,
				2F63BD532E1CC0030026FEF4 /* Release */,
			);
			defaultConfigurationIsVisible = 0;
			defaultConfigurationName = Release;
		};
		2F63BD3E2E1CC0030026FEF4 /* Build configuration list for PBXNativeTarget "FixFlixURL Extension (iOS)" */ = {
			isa = XCConfigurationList;
			buildConfigurations = (
				2F63BD3F2E1CC0030026FEF4 /* Debug */,
				2F63BD402E1CC0030026FEF4 /* Release */,
			);
			defaultConfigurationIsVisible = 0;
			defaultConfigurationName = Release;
		};
		2F63BD432E1CC0030026FEF4 /* Build configuration list for PBXNativeTarget "FixFlixURL (iOS)" */ = {
			isa = XCConfigurationList;
			buildConfigurations = (
				2F63BD442E1CC0030026FEF4 /* Debug */,
				2F63BD452E1CC0030026FEF4 /* Release */,
			);
			defaultConfigurationIsVisible = 0;
			defaultConfigurationName = Release;
		};
		2F63BD482E1CC0030026FEF4 /* Build configuration list for PBXNativeTarget "FixFlixURL Extension (macOS)" */ = {
			isa = XCConfigurationList;
			buildConfigurations = (
				2F63BD492E1CC0030026FEF4 /* Debug */,
				2F63BD4A2E1CC0030026FEF4 /* Release */,
			);
			defaultConfigurationIsVisible = 0;
			defaultConfigurationName = Release;
		};
		2F63BD4D2E1CC0030026FEF4 /* Build configuration list for PBXNativeTarget "FixFlixURL (macOS)" */ = {
			isa = XCConfigurationList;
			buildConfigurations = (
				2F63BD4E2E1CC0030026FEF4 /* Debug */,
				2F63BD4F2E1CC0030026FEF4 /* Release */,
			);
			defaultConfigurationIsVisible = 0;
			defaultConfigurationName = Release;
		};
/* End XCConfigurationList section */
	};
	rootObject = 2F63BCD42E1CC0000026FEF4 /* Project object */;
}
